// !$*UTF8*$!
{
	archiveVersion = 1;
	classes = {
	};
	objectVersion = 56;
	objects = {

/* Begin PBXBuildFile section */
		D8E6338F97D8E84322097741 /* Pods_HarryPotterMVVM.framework in Frameworks */ = {isa = PBXBuildFile; fileRef = 859FB9D459372E10E52F9051 /* Pods_HarryPotterMVVM.framework */; };
		DDB994F92A49AC5100515356 /* AppDelegate.swift in Sources */ = {isa = PBXBuildFile; fileRef = DDB994F82A49AC5100515356 /* AppDelegate.swift */; };
		DDB994FB2A49AC5100515356 /* SceneDelegate.swift in Sources */ = {isa = PBXBuildFile; fileRef = DDB994FA2A49AC5100515356 /* SceneDelegate.swift */; };
		DDB994FD2A49AC5100515356 /* HomeViewController.swift in Sources */ = {isa = PBXBuildFile; fileRef = DDB994FC2A49AC5100515356 /* HomeViewController.swift */; };
		DDB995002A49AC5100515356 /* Main.storyboard in Resources */ = {isa = PBXBuildFile; fileRef = DDB994FE2A49AC5100515356 /* Main.storyboard */; };
		DDB995022A49AC5200515356 /* Assets.xcassets in Resources */ = {isa = PBXBuildFile; fileRef = DDB995012A49AC5200515356 /* Assets.xcassets */; };
		DDB995052A49AC5200515356 /* LaunchScreen.storyboard in Resources */ = {isa = PBXBuildFile; fileRef = DDB995032A49AC5200515356 /* LaunchScreen.storyboard */; };
		DDB9950E2A49ACBE00515356 /* NetworkManager.swift in Sources */ = {isa = PBXBuildFile; fileRef = DDB9950D2A49ACBE00515356 /* NetworkManager.swift */; };
		DDB995112A49B30600515356 /* CharactersModel.swift in Sources */ = {isa = PBXBuildFile; fileRef = DDB995102A49B30600515356 /* CharactersModel.swift */; };
		DDB995142A49B66700515356 /* URLConstants.swift in Sources */ = {isa = PBXBuildFile; fileRef = DDB995132A49B66700515356 /* URLConstants.swift */; };
		DDB9951D2A49B77000515356 /* CharactersCell.swift in Sources */ = {isa = PBXBuildFile; fileRef = DDB9951C2A49B77000515356 /* CharactersCell.swift */; };
		DDB995202A49B91D00515356 /* HomeViewModel.swift in Sources */ = {isa = PBXBuildFile; fileRef = DDB9951F2A49B91D00515356 /* HomeViewModel.swift */; };
		DDB995232A49BE4F00515356 /* UIImageView+Extension.swift in Sources */ = {isa = PBXBuildFile; fileRef = DDB995222A49BE4F00515356 /* UIImageView+Extension.swift */; };
/* End PBXBuildFile section */

/* Begin PBXFileReference section */
		6A610B2210F98D6F91CE98C9 /* Pods-HarryPotterMVVM.debug.xcconfig */ = {isa = PBXFileReference; includeInIndex = 1; lastKnownFileType = text.xcconfig; name = "Pods-HarryPotterMVVM.debug.xcconfig"; path = "Target Support Files/Pods-HarryPotterMVVM/Pods-HarryPotterMVVM.debug.xcconfig"; sourceTree = "<group>"; };
		859FB9D459372E10E52F9051 /* Pods_HarryPotterMVVM.framework */ = {isa = PBXFileReference; explicitFileType = wrapper.framework; includeInIndex = 0; path = Pods_HarryPotterMVVM.framework; sourceTree = BUILT_PRODUCTS_DIR; };
		95CF799F7D1DF7E4CB6E4318 /* Pods-HarryPotterMVVM.release.xcconfig */ = {isa = PBXFileReference; includeInIndex = 1; lastKnownFileType = text.xcconfig; name = "Pods-HarryPotterMVVM.release.xcconfig"; path = "Target Support Files/Pods-HarryPotterMVVM/Pods-HarryPotterMVVM.release.xcconfig"; sourceTree = "<group>"; };
		DDB994F52A49AC5100515356 /* HarryPotterMVVM.app */ = {isa = PBXFileReference; explicitFileType = wrapper.application; includeInIndex = 0; path = HarryPotterMVVM.app; sourceTree = BUILT_PRODUCTS_DIR; };
		DDB994F82A49AC5100515356 /* AppDelegate.swift */ = {isa = PBXFileReference; lastKnownFileType = sourcecode.swift; path = AppDelegate.swift; sourceTree = "<group>"; };
		DDB994FA2A49AC5100515356 /* SceneDelegate.swift */ = {isa = PBXFileReference; lastKnownFileType = sourcecode.swift; path = SceneDelegate.swift; sourceTree = "<group>"; };
		DDB994FC2A49AC5100515356 /* HomeViewController.swift */ = {isa = PBXFileReference; lastKnownFileType = sourcecode.swift; path = HomeViewController.swift; sourceTree = "<group>"; };
		DDB994FF2A49AC5100515356 /* Base */ = {isa = PBXFileReference; lastKnownFileType = file.storyboard; name = Base; path = Base.lproj/Main.storyboard; sourceTree = "<group>"; };
		DDB995012A49AC5200515356 /* Assets.xcassets */ = {isa = PBXFileReference; lastKnownFileType = folder.assetcatalog; path = Assets.xcassets; sourceTree = "<group>"; };
		DDB995042A49AC5200515356 /* Base */ = {isa = PBXFileReference; lastKnownFileType = file.storyboard; name = Base; path = Base.lproj/LaunchScreen.storyboard; sourceTree = "<group>"; };
		DDB995062A49AC5200515356 /* Info.plist */ = {isa = PBXFileReference; lastKnownFileType = text.plist.xml; path = Info.plist; sourceTree = "<group>"; };
		DDB9950D2A49ACBE00515356 /* NetworkManager.swift */ = {isa = PBXFileReference; lastKnownFileType = sourcecode.swift; path = NetworkManager.swift; sourceTree = "<group>"; };
		DDB995102A49B30600515356 /* CharactersModel.swift */ = {isa = PBXFileReference; lastKnownFileType = sourcecode.swift; path = CharactersModel.swift; sourceTree = "<group>"; };
		DDB995132A49B66700515356 /* URLConstants.swift */ = {isa = PBXFileReference; lastKnownFileType = sourcecode.swift; path = URLConstants.swift; sourceTree = "<group>"; };
		DDB9951C2A49B77000515356 /* CharactersCell.swift */ = {isa = PBXFileReference; lastKnownFileType = sourcecode.swift; path = CharactersCell.swift; sourceTree = "<group>"; };
		DDB9951F2A49B91D00515356 /* HomeViewModel.swift */ = {isa = PBXFileReference; lastKnownFileType = sourcecode.swift; path = HomeViewModel.swift; sourceTree = "<group>"; };
		DDB995222A49BE4F00515356 /* UIImageView+Extension.swift */ = {isa = PBXFileReference; lastKnownFileType = sourcecode.swift; path = "UIImageView+Extension.swift"; sourceTree = "<group>"; };
/* End PBXFileReference section */

/* Begin PBXFrameworksBuildPhase section */
		DDB994F22A49AC5100515356 /* Frameworks */ = {
			isa = PBXFrameworksBuildPhase;
			buildActionMask = 2147483647;
			files = (
				D8E6338F97D8E84322097741 /* Pods_HarryPotterMVVM.framework in Frameworks */,
			);
			runOnlyForDeploymentPostprocessing = 0;
		};
/* End PBXFrameworksBuildPhase section */

/* Begin PBXGroup section */
		C504E74D96DF5645712953CC /* Pods */ = {
			isa = PBXGroup;
			children = (
				6A610B2210F98D6F91CE98C9 /* Pods-HarryPotterMVVM.debug.xcconfig */,
				95CF799F7D1DF7E4CB6E4318 /* Pods-HarryPotterMVVM.release.xcconfig */,
			);
			path = Pods;
			sourceTree = "<group>";
		};
		DDB994EC2A49AC5100515356 = {
			isa = PBXGroup;
			children = (
				DDB994F72A49AC5100515356 /* HarryPotterMVVM */,
				DDB994F62A49AC5100515356 /* Products */,
				C504E74D96DF5645712953CC /* Pods */,
				FE66767B5B2344A6BA902D73 /* Frameworks */,
			);
			sourceTree = "<group>";
		};
		DDB994F62A49AC5100515356 /* Products */ = {
			isa = PBXGroup;
			children = (
				DDB994F52A49AC5100515356 /* HarryPotterMVVM.app */,
			);
			name = Products;
			sourceTree = "<group>";
		};
		DDB994F72A49AC5100515356 /* HarryPotterMVVM */ = {
			isa = PBXGroup;
			children = (
				DDB995152A49B6F300515356 /* Scene */,
				DDB995122A49B64500515356 /* Utils */,
				DDB9950F2A49B2F600515356 /* Model */,
				DDB9950C2A49ACAE00515356 /* Network */,
				DDB995192A49B72200515356 /* Delegates */,
				DDB995182A49B71800515356 /* Storyboards */,
				DDB9951A2A49B72A00515356 /* Resources */,
				DDB995062A49AC5200515356 /* Info.plist */,
			);
			path = HarryPotterMVVM;
			sourceTree = "<group>";
		};
		DDB9950C2A49ACAE00515356 /* Network */ = {
			isa = PBXGroup;
			children = (
				DDB9950D2A49ACBE00515356 /* NetworkManager.swift */,
				DDB995132A49B66700515356 /* URLConstants.swift */,
			);
			path = Network;
			sourceTree = "<group>";
		};
		DDB9950F2A49B2F600515356 /* Model */ = {
			isa = PBXGroup;
			children = (
				DDB995102A49B30600515356 /* CharactersModel.swift */,
			);
			path = Model;
			sourceTree = "<group>";
		};
		DDB995122A49B64500515356 /* Utils */ = {
			isa = PBXGroup;
			children = (
				DDB995212A49BE3E00515356 /* Extension */,
			);
			path = Utils;
			sourceTree = "<group>";
		};
		DDB995152A49B6F300515356 /* Scene */ = {
			isa = PBXGroup;
			children = (
				DDB995162A49B6FB00515356 /* Home */,
			);
			path = Scene;
			sourceTree = "<group>";
		};
		DDB995162A49B6FB00515356 /* Home */ = {
			isa = PBXGroup;
			children = (
				DDB9951E2A49B91000515356 /* ViewModel */,
				DDB995172A49B71000515356 /* View */,
			);
			path = Home;
			sourceTree = "<group>";
		};
		DDB995172A49B71000515356 /* View */ = {
			isa = PBXGroup;
			children = (
				DDB9951B2A49B75D00515356 /* Cell */,
				DDB994FC2A49AC5100515356 /* HomeViewController.swift */,
			);
			path = View;
			sourceTree = "<group>";
		};
		DDB995182A49B71800515356 /* Storyboards */ = {
			isa = PBXGroup;
			children = (
				DDB994FE2A49AC5100515356 /* Main.storyboard */,
				DDB995032A49AC5200515356 /* LaunchScreen.storyboard */,
			);
			path = Storyboards;
			sourceTree = "<group>";
		};
		DDB995192A49B72200515356 /* Delegates */ = {
			isa = PBXGroup;
			children = (
				DDB994F82A49AC5100515356 /* AppDelegate.swift */,
				DDB994FA2A49AC5100515356 /* SceneDelegate.swift */,
			);
			path = Delegates;
			sourceTree = "<group>";
		};
		DDB9951A2A49B72A00515356 /* Resources */ = {
			isa = PBXGroup;
			children = (
				DDB995012A49AC5200515356 /* Assets.xcassets */,
			);
			path = Resources;
			sourceTree = "<group>";
		};
		DDB9951B2A49B75D00515356 /* Cell */ = {
			isa = PBXGroup;
			children = (
				DDB9951C2A49B77000515356 /* CharactersCell.swift */,
			);
			path = Cell;
			sourceTree = "<group>";
		};
		DDB9951E2A49B91000515356 /* ViewModel */ = {
			isa = PBXGroup;
			children = (
				DDB9951F2A49B91D00515356 /* HomeViewModel.swift */,
			);
			path = ViewModel;
			sourceTree = "<group>";
		};
		DDB995212A49BE3E00515356 /* Extension */ = {
			isa = PBXGroup;
			children = (
				DDB995222A49BE4F00515356 /* UIImageView+Extension.swift */,
			);
			path = Extension;
			sourceTree = "<group>";
		};
		FE66767B5B2344A6BA902D73 /* Frameworks */ = {
			isa = PBXGroup;
			children = (
				859FB9D459372E10E52F9051 /* Pods_HarryPotterMVVM.framework */,
			);
			name = Frameworks;
			sourceTree = "<group>";
		};
/* End PBXGroup section */

/* Begin PBXNativeTarget section */
		DDB994F42A49AC5100515356 /* HarryPotterMVVM */ = {
			isa = PBXNativeTarget;
			buildConfigurationList = DDB995092A49AC5200515356 /* Build configuration list for PBXNativeTarget "HarryPotterMVVM" */;
			buildPhases = (
				E826E4F0A0B491A92A852D9B /* [CP] Check Pods Manifest.lock */,
				DDB994F12A49AC5100515356 /* Sources */,
				DDB994F22A49AC5100515356 /* Frameworks */,
				DDB994F32A49AC5100515356 /* Resources */,
				5C5E286576E6A31B0A91D39B /* [CP] Embed Pods Frameworks */,
			);
			buildRules = (
			);
			dependencies = (
			);
			name = HarryPotterMVVM;
			productName = HarryPotterMVVM;
			productReference = DDB994F52A49AC5100515356 /* HarryPotterMVVM.app */;
			productType = "com.apple.product-type.application";
		};
/* End PBXNativeTarget section */

/* Begin PBXProject section */
		DDB994ED2A49AC5100515356 /* Project object */ = {
			isa = PBXProject;
			attributes = {
				BuildIndependentTargetsInParallel = 1;
				LastSwiftUpdateCheck = 1420;
				LastUpgradeCheck = 1420;
				TargetAttributes = {
					DDB994F42A49AC5100515356 = {
						CreatedOnToolsVersion = 14.2;
					};
				};
			};
			buildConfigurationList = DDB994F02A49AC5100515356 /* Build configuration list for PBXProject "HarryPotterMVVM" */;
			compatibilityVersion = "Xcode 14.0";
			developmentRegion = en;
			hasScannedForEncodings = 0;
			knownRegions = (
				en,
				Base,
			);
			mainGroup = DDB994EC2A49AC5100515356;
			productRefGroup = DDB994F62A49AC5100515356 /* Products */;
			projectDirPath = "";
			projectRoot = "";
			targets = (
				DDB994F42A49AC5100515356 /* HarryPotterMVVM */,
			);
		};
/* End PBXProject section */

/* Begin PBXResourcesBuildPhase section */
		DDB994F32A49AC5100515356 /* Resources */ = {
			isa = PBXResourcesBuildPhase;
			buildActionMask = 2147483647;
			files = (
				DDB995052A49AC5200515356 /* LaunchScreen.storyboard in Resources */,
				DDB995022A49AC5200515356 /* Assets.xcassets in Resources */,
				DDB995002A49AC5100515356 /* Main.storyboard in Resources */,
			);
			runOnlyForDeploymentPostprocessing = 0;
		};
/* End PBXResourcesBuildPhase section */

/* Begin PBXShellScriptBuildPhase section */
		5C5E286576E6A31B0A91D39B /* [CP] Embed Pods Frameworks */ = {
			isa = PBXShellScriptBuildPhase;
			buildActionMask = 2147483647;
			files = (
			);
			inputFileListPaths = (
				"${PODS_ROOT}/Target Support Files/Pods-HarryPotterMVVM/Pods-HarryPotterMVVM-frameworks-${CONFIGURATION}-input-files.xcfilelist",
			);
			name = "[CP] Embed Pods Frameworks";
			outputFileListPaths = (
				"${PODS_ROOT}/Target Support Files/Pods-HarryPotterMVVM/Pods-HarryPotterMVVM-frameworks-${CONFIGURATION}-output-files.xcfilelist",
			);
			runOnlyForDeploymentPostprocessing = 0;
			shellPath = /bin/sh;
			shellScript = "\"${PODS_ROOT}/Target Support Files/Pods-HarryPotterMVVM/Pods-HarryPotterMVVM-frameworks.sh\"\n";
			showEnvVarsInLog = 0;
		};
		E826E4F0A0B491A92A852D9B /* [CP] Check Pods Manifest.lock */ = {
			isa = PBXShellScriptBuildPhase;
			buildActionMask = 2147483647;
			files = (
			);
			inputFileListPaths = (
			);
			inputPaths = (
				"${PODS_PODFILE_DIR_PATH}/Podfile.lock",
				"${PODS_ROOT}/Manifest.lock",
			);
			name = "[CP] Check Pods Manifest.lock";
			outputFileListPaths = (
			);
			outputPaths = (
				"$(DERIVED_FILE_DIR)/Pods-HarryPotterMVVM-checkManifestLockResult.txt",
			);
			runOnlyForDeploymentPostprocessing = 0;
			shellPath = /bin/sh;
			shellScript = "diff \"${PODS_PODFILE_DIR_PATH}/Podfile.lock\" \"${PODS_ROOT}/Manifest.lock\" > /dev/null\nif [ $? != 0 ] ; then\n    # print error to STDERR\n    echo \"error: The sandbox is not in sync with the Podfile.lock. Run 'pod install' or update your CocoaPods installation.\" >&2\n    exit 1\nfi\n# This output is used by Xcode 'outputs' to avoid re-running this script phase.\necho \"SUCCESS\" > \"${SCRIPT_OUTPUT_FILE_0}\"\n";
			showEnvVarsInLog = 0;
		};
/* End PBXShellScriptBuildPhase section */

/* Begin PBXSourcesBuildPhase section */
		DDB994F12A49AC5100515356 /* Sources */ = {
			isa = PBXSourcesBuildPhase;
			buildActionMask = 2147483647;
			files = (
				DDB9950E2A49ACBE00515356 /* NetworkManager.swift in Sources */,
				DDB994FD2A49AC5100515356 /* HomeViewController.swift in Sources */,
				DDB994F92A49AC5100515356 /* AppDelegate.swift in Sources */,
				DDB995232A49BE4F00515356 /* UIImageView+Extension.swift in Sources */,
				DDB995202A49B91D00515356 /* HomeViewModel.swift in Sources */,
				DDB9951D2A49B77000515356 /* CharactersCell.swift in Sources */,
				DDB995142A49B66700515356 /* URLConstants.swift in Sources */,
				DDB995112A49B30600515356 /* CharactersModel.swift in Sources */,
				DDB994FB2A49AC5100515356 /* SceneDelegate.swift in Sources */,
			);
			runOnlyForDeploymentPostprocessing = 0;
		};
/* End PBXSourcesBuildPhase section */

/* Begin PBXVariantGroup section */
		DDB994FE2A49AC5100515356 /* Main.storyboard */ = {
			isa = PBXVariantGroup;
			children = (
				DDB994FF2A49AC5100515356 /* Base */,
			);
			name = Main.storyboard;
			sourceTree = "<group>";
		};
		DDB995032A49AC5200515356 /* LaunchScreen.storyboard */ = {
			isa = PBXVariantGroup;
			children = (
				DDB995042A49AC5200515356 /* Base */,
			);
			name = LaunchScreen.storyboard;
			sourceTree = "<group>";
		};
/* End PBXVariantGroup section */

/* Begin XCBuildConfiguration section */
		DDB995072A49AC5200515356 /* Debug */ = {
			isa = XCBuildConfiguration;
			buildSettings = {
				ALWAYS_SEARCH_USER_PATHS = NO;
				CLANG_ANALYZER_NONNULL = YES;
				CLANG_ANALYZER_NUMBER_OBJECT_CONVERSION = YES_AGGRESSIVE;
				CLANG_CXX_LANGUAGE_STANDARD = "gnu++20";
				CLANG_ENABLE_MODULES = YES;
				CLANG_ENABLE_OBJC_ARC = YES;
				CLANG_ENABLE_OBJC_WEAK = YES;
				CLANG_WARN_BLOCK_CAPTURE_AUTORELEASING = YES;
				CLANG_WARN_BOOL_CONVERSION = YES;
				CLANG_WARN_COMMA = YES;
				CLANG_WARN_CONSTANT_CONVERSION = YES;
				CLANG_WARN_DEPRECATED_OBJC_IMPLEMENTATIONS = YES;
				CLANG_WARN_DIRECT_OBJC_ISA_USAGE = YES_ERROR;
				CLANG_WARN_DOCUMENTATION_COMMENTS = YES;
				CLANG_WARN_EMPTY_BODY = YES;
				CLANG_WARN_ENUM_CONVERSION = YES;
				CLANG_WARN_INFINITE_RECURSION = YES;
				CLANG_WARN_INT_CONVERSION = YES;
				CLANG_WARN_NON_LITERAL_NULL_CONVERSION = YES;
				CLANG_WARN_OBJC_IMPLICIT_RETAIN_SELF = YES;
				CLANG_WARN_OBJC_LITERAL_CONVERSION = YES;
				CLANG_WARN_OBJC_ROOT_CLASS = YES_ERROR;
				CLANG_WARN_QUOTED_INCLUDE_IN_FRAMEWORK_HEADER = YES;
				CLANG_WARN_RANGE_LOOP_ANALYSIS = YES;
				CLANG_WARN_STRICT_PROTOTYPES = YES;
				CLANG_WARN_SUSPICIOUS_MOVE = YES;
				CLANG_WARN_UNGUARDED_AVAILABILITY = YES_AGGRESSIVE;
				CLANG_WARN_UNREACHABLE_CODE = YES;
				CLANG_WARN__DUPLICATE_METHOD_MATCH = YES;
				COPY_PHASE_STRIP = NO;
				DEBUG_INFORMATION_FORMAT = dwarf;
				ENABLE_STRICT_OBJC_MSGSEND = YES;
				ENABLE_TESTABILITY = YES;
				GCC_C_LANGUAGE_STANDARD = gnu11;
				GCC_DYNAMIC_NO_PIC = NO;
				GCC_NO_COMMON_BLOCKS = YES;
				GCC_OPTIMIZATION_LEVEL = 0;
				GCC_PREPROCESSOR_DEFINITIONS = (
					"DEBUG=1",
					"$(inherited)",
				);
				GCC_WARN_64_TO_32_BIT_CONVERSION = YES;
				GCC_WARN_ABOUT_RETURN_TYPE = YES_ERROR;
				GCC_WARN_UNDECLARED_SELECTOR = YES;
				GCC_WARN_UNINITIALIZED_AUTOS = YES_AGGRESSIVE;
				GCC_WARN_UNUSED_FUNCTION = YES;
				GCC_WARN_UNUSED_VARIABLE = YES;
				IPHONEOS_DEPLOYMENT_TARGET = 16.2;
				MTL_ENABLE_DEBUG_INFO = INCLUDE_SOURCE;
				MTL_FAST_MATH = YES;
				ONLY_ACTIVE_ARCH = YES;
				SDKROOT = iphoneos;
				SWIFT_ACTIVE_COMPILATION_CONDITIONS = DEBUG;
				SWIFT_OPTIMIZATION_LEVEL = "-Onone";
			};
			name = Debug;
		};
		DDB995082A49AC5200515356 /* Release */ = {
			isa = XCBuildConfiguration;
			buildSettings = {
				ALWAYS_SEARCH_USER_PATHS = NO;
				CLANG_ANALYZER_NONNULL = YES;
				CLANG_ANALYZER_NUMBER_OBJECT_CONVERSION = YES_AGGRESSIVE;
				CLANG_CXX_LANGUAGE_STANDARD = "gnu++20";
				CLANG_ENABLE_MODULES = YES;
				CLANG_ENABLE_OBJC_ARC = YES;
				CLANG_ENABLE_OBJC_WEAK = YES;
				CLANG_WARN_BLOCK_CAPTURE_AUTORELEASING = YES;
				CLANG_WARN_BOOL_CONVERSION = YES;
				CLANG_WARN_COMMA = YES;
				CLANG_WARN_CONSTANT_CONVERSION = YES;
				CLANG_WARN_DEPRECATED_OBJC_IMPLEMENTATIONS = YES;
				CLANG_WARN_DIRECT_OBJC_ISA_USAGE = YES_ERROR;
				CLANG_WARN_DOCUMENTATION_COMMENTS = YES;
				CLANG_WARN_EMPTY_BODY = YES;
				CLANG_WARN_ENUM_CONVERSION = YES;
				CLANG_WARN_INFINITE_RECURSION = YES;
				CLANG_WARN_INT_CONVERSION = YES;
				CLANG_WARN_NON_LITERAL_NULL_CONVERSION = YES;
				CLANG_WARN_OBJC_IMPLICIT_RETAIN_SELF = YES;
				CLANG_WARN_OBJC_LITERAL_CONVERSION = YES;
				CLANG_WARN_OBJC_ROOT_CLASS = YES_ERROR;
				CLANG_WARN_QUOTED_INCLUDE_IN_FRAMEWORK_HEADER = YES;
				CLANG_WARN_RANGE_LOOP_ANALYSIS = YES;
				CLANG_WARN_STRICT_PROTOTYPES = YES;
				CLANG_WARN_SUSPICIOUS_MOVE = YES;
				CLANG_WARN_UNGUARDED_AVAILABILITY = YES_AGGRESSIVE;
				CLANG_WARN_UNREACHABLE_CODE = YES;
				CLANG_WARN__DUPLICATE_METHOD_MATCH = YES;
				COPY_PHASE_STRIP = NO;
				DEBUG_INFORMATION_FORMAT = "dwarf-with-dsym";
				ENABLE_NS_ASSERTIONS = NO;
				ENABLE_STRICT_OBJC_MSGSEND = YES;
				GCC_C_LANGUAGE_STANDARD = gnu11;
				GCC_NO_COMMON_BLOCKS = YES;
				GCC_WARN_64_TO_32_BIT_CONVERSION = YES;
				GCC_WARN_ABOUT_RETURN_TYPE = YES_ERROR;
				GCC_WARN_UNDECLARED_SELECTOR = YES;
				GCC_WARN_UNINITIALIZED_AUTOS = YES_AGGRESSIVE;
				GCC_WARN_UNUSED_FUNCTION = YES;
				GCC_WARN_UNUSED_VARIABLE = YES;
				IPHONEOS_DEPLOYMENT_TARGET = 16.2;
				MTL_ENABLE_DEBUG_INFO = NO;
				MTL_FAST_MATH = YES;
				SDKROOT = iphoneos;
				SWIFT_COMPILATION_MODE = wholemodule;
				SWIFT_OPTIMIZATION_LEVEL = "-O";
				VALIDATE_PRODUCT = YES;
			};
			name = Release;
		};
		DDB9950A2A49AC5200515356 /* Debug */ = {
			isa = XCBuildConfiguration;
			baseConfigurationReference = 6A610B2210F98D6F91CE98C9 /* Pods-HarryPotterMVVM.debug.xcconfig */;
			buildSettings = {
				ASSETCATALOG_COMPILER_APPICON_NAME = AppIcon;
				ASSETCATALOG_COMPILER_GLOBAL_ACCENT_COLOR_NAME = AccentColor;
				CODE_SIGN_STYLE = Automatic;
				CURRENT_PROJECT_VERSION = 1;
				DEVELOPMENT_TEAM = 7Y8QP7UN32;
				GENERATE_INFOPLIST_FILE = YES;
				INFOPLIST_FILE = HarryPotterMVVM/Info.plist;
				INFOPLIST_KEY_UIApplicationSupportsIndirectInputEvents = YES;
				INFOPLIST_KEY_UILaunchStoryboardName = LaunchScreen;
				INFOPLIST_KEY_UIMainStoryboardFile = Main;
				INFOPLIST_KEY_UISupportedInterfaceOrientations_iPad = "UIInterfaceOrientationPortrait UIInterfaceOrientationPortraitUpsideDown UIInterfaceOrientationLandscapeLeft UIInterfaceOrientationLandscapeRight";
				INFOPLIST_KEY_UISupportedInterfaceOrientations_iPhone = "UIInterfaceOrientationPortrait UIInterfaceOrientationLandscapeLeft UIInterfaceOrientationLandscapeRight";
				LD_RUNPATH_SEARCH_PATHS = (
					"$(inherited)",
					"@executable_path/Frameworks",
				);
				MARKETING_VERSION = 1.0;
				PRODUCT_BUNDLE_IDENTIFIER = com.elif.HarryPotterMVVM;
				PRODUCT_NAME = "$(TARGET_NAME)";
				SWIFT_EMIT_LOC_STRINGS = YES;
				SWIFT_VERSION = 5.0;
				TARGETED_DEVICE_FAMILY = "1,2";
			};
			name = Debug;
		};
		DDB9950B2A49AC5200515356 /* Release */ = {
			isa = XCBuildConfiguration;
			baseConfigurationReference = 95CF799F7D1DF7E4CB6E4318 /* Pods-HarryPotterMVVM.release.xcconfig */;
			buildSettings = {
				ASSETCATALOG_COMPILER_APPICON_NAME = AppIcon;
				ASSETCATALOG_COMPILER_GLOBAL_ACCENT_COLOR_NAME = AccentColor;
				CODE_SIGN_STYLE = Automatic;
				CURRENT_PROJECT_VERSION = 1;
				DEVELOPMENT_TEAM = 7Y8QP7UN32;
				GENERATE_INFOPLIST_FILE = YES;
				INFOPLIST_FILE = HarryPotterMVVM/Info.plist;
				INFOPLIST_KEY_UIApplicationSupportsIndirectInputEvents = YES;
				INFOPLIST_KEY_UILaunchStoryboardName = LaunchScreen;
				INFOPLIST_KEY_UIMainStoryboardFile = Main;
				INFOPLIST_KEY_UISupportedInterfaceOrientations_iPad = "UIInterfaceOrientationPortrait UIInterfaceOrientationPortraitUpsideDown UIInterfaceOrientationLandscapeLeft UIInterfaceOrientationLandscapeRight";
				INFOPLIST_KEY_UISupportedInterfaceOrientations_iPhone = "UIInterfaceOrientationPortrait UIInterfaceOrientationLandscapeLeft UIInterfaceOrientationLandscapeRight";
				LD_RUNPATH_SEARCH_PATHS = (
					"$(inherited)",
					"@executable_path/Frameworks",
				);
				MARKETING_VERSION = 1.0;
				PRODUCT_BUNDLE_IDENTIFIER = com.elif.HarryPotterMVVM;
				PRODUCT_NAME = "$(TARGET_NAME)";
				SWIFT_EMIT_LOC_STRINGS = YES;
				SWIFT_VERSION = 5.0;
				TARGETED_DEVICE_FAMILY = "1,2";
			};
			name = Release;
		};
/* End XCBuildConfiguration section */

/* Begin XCConfigurationList section */
		DDB994F02A49AC5100515356 /* Build configuration list for PBXProject "HarryPotterMVVM" */ = {
			isa = XCConfigurationList;
			buildConfigurations = (
				DDB995072A49AC5200515356 /* Debug */,
				DDB995082A49AC5200515356 /* Release */,
			);
			defaultConfigurationIsVisible = 0;
			defaultConfigurationName = Release;
		};
		DDB995092A49AC5200515356 /* Build configuration list for PBXNativeTarget "HarryPotterMVVM" */ = {
			isa = XCConfigurationList;
			buildConfigurations = (
				DDB9950A2A49AC5200515356 /* Debug */,
				DDB9950B2A49AC5200515356 /* Release */,
			);
			defaultConfigurationIsVisible = 0;
			defaultConfigurationName = Release;
		};
/* End XCConfigurationList section */
	};
	rootObject = DDB994ED2A49AC5100515356 /* Project object */;
}
